
Microsoft Visual Studio Solution File, Format Version 12.00
# Visual Studio Version 16
VisualStudioVersion = 16.0.30523.141
MinimumVisualStudioVersion = 10.0.40219.1
Project("{FAE04EC0-301F-11D3-BF4B-00C04F79EFBC}") = "ClientWebApp", "ClientWebApp\ClientWebApp.csproj", "{C9FBC220-E251-45CC-8C0C-2E2BEFF08A14}"
EndProject
Project("{FAE04EC0-301F-11D3-BF4B-00C04F79EFBC}") = "ConsoleSyncApp", "ConsoleSyncApp\ConsoleSyncApp.csproj", "{26B7952D-A615-49A9-AA82-43373EF104FE}"
EndProject
Project("{FAE04EC0-301F-11D3-BF4B-00C04F79EFBC}") = "DAL", "SharePointDAL\DAL.csproj", "{290D5F26-11BC-4CD0-800C-22B8AE28781B}"
EndProject
Global
	GlobalSection(SolutionConfigurationPlatforms) = preSolution
		Debug|Any CPU = Debug|Any CPU
		Release|Any CPU = Release|Any CPU
	EndGlobalSection
	GlobalSection(ProjectConfigurationPlatforms) = postSolution
		{C9FBC220-E251-45CC-8C0C-2E2BEFF08A14}.Debug|Any CPU.ActiveCfg = Debug|Any CPU
		{C9FBC220-E251-45CC-8C0C-2E2BEFF08A14}.Debug|Any CPU.Build.0 = Debug|Any CPU
		{C9FBC220-E251-45CC-8C0C-2E2BEFF08A14}.Release|Any CPU.ActiveCfg = Release|Any CPU
		{C9FBC220-E251-45CC-8C0C-2E2BEFF08A14}.Release|Any CPU.Build.0 = Release|Any CPU
		{26B7952D-A615-49A9-AA82-43373EF104FE}.Debug|Any CPU.ActiveCfg = Debug|Any CPU
		{26B7952D-A615-49A9-AA82-43373EF104FE}.Debug|Any CPU.Build.0 = Debug|Any CPU
		{26B7952D-A615-49A9-AA82-43373EF104FE}.Release|Any CPU.ActiveCfg = Release|Any CPU
		{26B7952D-A615-49A9-AA82-43373EF104FE}.Release|Any CPU.Build.0 = Release|Any CPU
		{290D5F26-11BC-4CD0-800C-22B8AE28781B}.Debug|Any CPU.ActiveCfg = Debug|Any CPU
		{290D5F26-11BC-4CD0-800C-22B8AE28781B}.Debug|Any CPU.Build.0 = Debug|Any CPU
		{290D5F26-11BC-4CD0-800C-22B8AE28781B}.Release|Any CPU.ActiveCfg = Release|Any CPU
		{290D5F26-11BC-4CD0-800C-22B8AE28781B}.Release|Any CPU.Build.0 = Release|Any CPU
	EndGlobalSection
	GlobalSection(SolutionProperties) = preSolution
		HideSolutionNode = FALSE
	EndGlobalSection
	GlobalSection(ExtensibilityGlobals) = postSolution
		SolutionGuid = {36859843-E673-4E5D-824F-A508C2EF0EB5}
	EndGlobalSection
EndGlobal
